// !$*UTF8*$!
{
	archiveVersion = 1;
	classes = {
	};
	objectVersion = 55;
	objects = {

/* Begin PBXBuildFile section */
		4A6B555027A93B0200DB5A86 /* AlphaSlider.swift in Sources */ = {isa = PBXBuildFile; fileRef = 4A6B554F27A93B0200DB5A86 /* AlphaSlider.swift */; };
		4A6B555227A9556C00DB5A86 /* MinMaxAlphaSlider.swift in Sources */ = {isa = PBXBuildFile; fileRef = 4A6B555127A9556C00DB5A86 /* MinMaxAlphaSlider.swift */; };
		4ABCC07627A92E0C00F52E00 /* SwiftUICheckSliderValueApp.swift in Sources */ = {isa = PBXBuildFile; fileRef = 4ABCC07527A92E0C00F52E00 /* SwiftUICheckSliderValueApp.swift */; };
		4ABCC07827A92E0C00F52E00 /* ContentView.swift in Sources */ = {isa = PBXBuildFile; fileRef = 4ABCC07727A92E0C00F52E00 /* ContentView.swift */; };
		4ABCC07A27A92E0F00F52E00 /* Assets.xcassets in Resources */ = {isa = PBXBuildFile; fileRef = 4ABCC07927A92E0F00F52E00 /* Assets.xcassets */; };
		4ABCC07D27A92E0F00F52E00 /* Preview Assets.xcassets in Resources */ = {isa = PBXBuildFile; fileRef = 4ABCC07C27A92E0F00F52E00 /* Preview Assets.xcassets */; };
/* End PBXBuildFile section */

/* Begin PBXFileReference section */
		4A6B554F27A93B0200DB5A86 /* AlphaSlider.swift */ = {isa = PBXFileReference; lastKnownFileType = sourcecode.swift; path = AlphaSlider.swift; sourceTree = "<group>"; };
		4A6B555127A9556C00DB5A86 /* MinMaxAlphaSlider.swift */ = {isa = PBXFileReference; lastKnownFileType = sourcecode.swift; path = MinMaxAlphaSlider.swift; sourceTree = "<group>"; };
		4ABCC07227A92E0C00F52E00 /* SwiftUICheckSliderValue.app */ = {isa = PBXFileReference; explicitFileType = wrapper.application; includeInIndex = 0; path = SwiftUICheckSliderValue.app; sourceTree = BUILT_PRODUCTS_DIR; };
		4ABCC07527A92E0C00F52E00 /* SwiftUICheckSliderValueApp.swift */ = {isa = PBXFileReference; lastKnownFileType = sourcecode.swift; path = SwiftUICheckSliderValueApp.swift; sourceTree = "<group>"; };
		4ABCC07727A92E0C00F52E00 /* ContentView.swift */ = {isa = PBXFileReference; lastKnownFileType = sourcecode.swift; path = ContentView.swift; sourceTree = "<group>"; };
		4ABCC07927A92E0F00F52E00 /* Assets.xcassets */ = {isa = PBXFileReference; lastKnownFileType = folder.assetcatalog; path = Assets.xcassets; sourceTree = "<group>"; };
		4ABCC07C27A92E0F00F52E00 /* Preview Assets.xcassets */ = {isa = PBXFileReference; lastKnownFileType = folder.assetcatalog; path = "Preview Assets.xcassets"; sourceTree = "<group>"; };
/* End PBXFileReference section */

/* Begin PBXFrameworksBuildPhase section */
		4ABCC06F27A92E0C00F52E00 /* Frameworks */ = {
			isa = PBXFrameworksBuildPhase;
			buildActionMask = 2147483647;
			files = (
			);
			runOnlyForDeploymentPostprocessing = 0;
		};
/* End PBXFrameworksBuildPhase section */

/* Begin PBXGroup section */
		4ABCC06927A92E0C00F52E00 = {
			isa = PBXGroup;
			children = (
				4ABCC07427A92E0C00F52E00 /* SwiftUICheckSliderValue */,
				4ABCC07327A92E0C00F52E00 /* Products */,
			);
			sourceTree = "<group>";
		};
		4ABCC07327A92E0C00F52E00 /* Products */ = {
			isa = PBXGroup;
			children = (
				4ABCC07227A92E0C00F52E00 /* SwiftUICheckSliderValue.app */,
			);
			name = Products;
			sourceTree = "<group>";
		};
		4ABCC07427A92E0C00F52E00 /* SwiftUICheckSliderValue */ = {
			isa = PBXGroup;
			children = (
				4ABCC07527A92E0C00F52E00 /* SwiftUICheckSliderValueApp.swift */,
				4ABCC07727A92E0C00F52E00 /* ContentView.swift */,
				4A6B554F27A93B0200DB5A86 /* AlphaSlider.swift */,
				4ABCC07927A92E0F00F52E00 /* Assets.xcassets */,
				4ABCC07B27A92E0F00F52E00 /* Preview Content */,
				4A6B555127A9556C00DB5A86 /* MinMaxAlphaSlider.swift */,
			);
			path = SwiftUICheckSliderValue;
			sourceTree = "<group>";
		};
		4ABCC07B27A92E0F00F52E00 /* Preview Content */ = {
			isa = PBXGroup;
			children = (
				4ABCC07C27A92E0F00F52E00 /* Preview Assets.xcassets */,
			);
			path = "Preview Content";
			sourceTree = "<group>";
		};
/* End PBXGroup section */

/* Begin PBXNativeTarget section */
		4ABCC07127A92E0C00F52E00 /* SwiftUICheckSliderValue */ = {
			isa = PBXNativeTarget;
			buildConfigurationList = 4ABCC08027A92E0F00F52E00 /* Build configuration list for PBXNativeTarget "SwiftUICheckSliderValue" */;
			buildPhases = (
				4ABCC06E27A92E0C00F52E00 /* Sources */,
				4ABCC06F27A92E0C00F52E00 /* Frameworks */,
				4ABCC07027A92E0C00F52E00 /* Resources */,
			);
			buildRules = (
			);
			dependencies = (
			);
			name = SwiftUICheckSliderValue;
			productName = SwiftUICheckSliderValue;
			productReference = 4ABCC07227A92E0C00F52E00 /* SwiftUICheckSliderValue.app */;
			productType = "com.apple.product-type.application";
		};
/* End PBXNativeTarget section */

/* Begin PBXProject section */
		4ABCC06A27A92E0C00F52E00 /* Project object */ = {
			isa = PBXProject;
			attributes = {
				BuildIndependentTargetsInParallel = 1;
				LastSwiftUpdateCheck = 1320;
				LastUpgradeCheck = 1320;
				TargetAttributes = {
					4ABCC07127A92E0C00F52E00 = {
						CreatedOnToolsVersion = 13.2.1;
					};
				};
			};
			buildConfigurationList = 4ABCC06D27A92E0C00F52E00 /* Build configuration list for PBXProject "SwiftUICheckSliderValue" */;
			compatibilityVersion = "Xcode 13.0";
			developmentRegion = en;
			hasScannedForEncodings = 0;
			knownRegions = (
				en,
				Base,
			);
			mainGroup = 4ABCC06927A92E0C00F52E00;
			productRefGroup = 4ABCC07327A92E0C00F52E00 /* Products */;
			projectDirPath = "";
			projectRoot = "";
			targets = (
				4ABCC07127A92E0C00F52E00 /* SwiftUICheckSliderValue */,
			);
		};
/* End PBXProject section */

/* Begin PBXResourcesBuildPhase section */
		4ABCC07027A92E0C00F52E00 /* Resources */ = {
			isa = PBXResourcesBuildPhase;
			buildActionMask = 2147483647;
			files = (
				4ABCC07D27A92E0F00F52E00 /* Preview Assets.xcassets in Resources */,
				4ABCC07A27A92E0F00F52E00 /* Assets.xcassets in Resources */,
			);
			runOnlyForDeploymentPostprocessing = 0;
		};
/* End PBXResourcesBuildPhase section */

/* Begin PBXSourcesBuildPhase section */
		4ABCC06E27A92E0C00F52E00 /* Sources */ = {
			isa = PBXSourcesBuildPhase;
			buildActionMask = 2147483647;
			files = (
				4ABCC07827A92E0C00F52E00 /* ContentView.swift in Sources */,
				4A6B555227A9556C00DB5A86 /* MinMaxAlphaSlider.swift in Sources */,
				4A6B555027A93B0200DB5A86 /* AlphaSlider.swift in Sources */,
				4ABCC07627A92E0C00F52E00 /* SwiftUICheckSliderValueApp.swift in Sources */,
			);
			runOnlyForDeploymentPostprocessing = 0;
		};
/* End PBXSourcesBuildPhase section */

/* Begin XCBuildConfiguration section */
		4ABCC07E27A92E0F00F52E00 /* Debug */ = {
			isa = XCBuildConfiguration;
			buildSettings = {
				ALWAYS_SEARCH_USER_PATHS = NO;
				CLANG_ANALYZER_NONNULL = YES;
				CLANG_ANALYZER_NUMBER_OBJECT_CONVERSION = YES_AGGRESSIVE;
				CLANG_CXX_LANGUAGE_STANDARD = "gnu++17";
				CLANG_CXX_LIBRARY = "libc++";
				CLANG_ENABLE_MODULES = YES;
				CLANG_ENABLE_OBJC_ARC = YES;
				CLANG_ENABLE_OBJC_WEAK = YES;
				CLANG_WARN_BLOCK_CAPTURE_AUTORELEASING = YES;
				CLANG_WARN_BOOL_CONVERSION = YES;
				CLANG_WARN_COMMA = YES;
				CLANG_WARN_CONSTANT_CONVERSION = YES;
				CLANG_WARN_DEPRECATED_OBJC_IMPLEMENTATIONS = YES;
				CLANG_WARN_DIRECT_OBJC_ISA_USAGE = YES_ERROR;
				CLANG_WARN_DOCUMENTATION_COMMENTS = YES;
				CLANG_WARN_EMPTY_BODY = YES;
				CLANG_WARN_ENUM_CONVERSION = YES;
				CLANG_WARN_INFINITE_RECURSION = YES;
				CLANG_WARN_INT_CONVERSION = YES;
				CLANG_WARN_NON_LITERAL_NULL_CONVERSION = YES;
				CLANG_WARN_OBJC_IMPLICIT_RETAIN_SELF = YES;
				CLANG_WARN_OBJC_LITERAL_CONVERSION = YES;
				CLANG_WARN_OBJC_ROOT_CLASS = YES_ERROR;
				CLANG_WARN_QUOTED_INCLUDE_IN_FRAMEWORK_HEADER = YES;
				CLANG_WARN_RANGE_LOOP_ANALYSIS = YES;
				CLANG_WARN_STRICT_PROTOTYPES = YES;
				CLANG_WARN_SUSPICIOUS_MOVE = YES;
				CLANG_WARN_UNGUARDED_AVAILABILITY = YES_AGGRESSIVE;
				CLANG_WARN_UNREACHABLE_CODE = YES;
				CLANG_WARN__DUPLICATE_METHOD_MATCH = YES;
				COPY_PHASE_STRIP = NO;
				DEBUG_INFORMATION_FORMAT = dwarf;
				ENABLE_STRICT_OBJC_MSGSEND = YES;
				ENABLE_TESTABILITY = YES;
				GCC_C_LANGUAGE_STANDARD = gnu11;
				GCC_DYNAMIC_NO_PIC = NO;
				GCC_NO_COMMON_BLOCKS = YES;
				GCC_OPTIMIZATION_LEVEL = 0;
				GCC_PREPROCESSOR_DEFINITIONS = (
					"DEBUG=1",
					"$(inherited)",
				);
				GCC_WARN_64_TO_32_BIT_CONVERSION = YES;
				GCC_WARN_ABOUT_RETURN_TYPE = YES_ERROR;
				GCC_WARN_UNDECLARED_SELECTOR = YES;
				GCC_WARN_UNINITIALIZED_AUTOS = YES_AGGRESSIVE;
				GCC_WARN_UNUSED_FUNCTION = YES;
				GCC_WARN_UNUSED_VARIABLE = YES;
				IPHONEOS_DEPLOYMENT_TARGET = 15.2;
				MTL_ENABLE_DEBUG_INFO = INCLUDE_SOURCE;
				MTL_FAST_MATH = YES;
				ONLY_ACTIVE_ARCH = YES;
				SDKROOT = iphoneos;
				SWIFT_ACTIVE_COMPILATION_CONDITIONS = DEBUG;
				SWIFT_OPTIMIZATION_LEVEL = "-Onone";
			};
			name = Debug;
		};
		4ABCC07F27A92E0F00F52E00 /* Release */ = {
			isa = XCBuildConfiguration;
			buildSettings = {
				ALWAYS_SEARCH_USER_PATHS = NO;
				CLANG_ANALYZER_NONNULL = YES;
				CLANG_ANALYZER_NUMBER_OBJECT_CONVERSION = YES_AGGRESSIVE;
				CLANG_CXX_LANGUAGE_STANDARD = "gnu++17";
				CLANG_CXX_LIBRARY = "libc++";
				CLANG_ENABLE_MODULES = YES;
				CLANG_ENABLE_OBJC_ARC = YES;
				CLANG_ENABLE_OBJC_WEAK = YES;
				CLANG_WARN_BLOCK_CAPTURE_AUTORELEASING = YES;
				CLANG_WARN_BOOL_CONVERSION = YES;
				CLANG_WARN_COMMA = YES;
				CLANG_WARN_CONSTANT_CONVERSION = YES;
				CLANG_WARN_DEPRECATED_OBJC_IMPLEMENTATIONS = YES;
				CLANG_WARN_DIRECT_OBJC_ISA_USAGE = YES_ERROR;
				CLANG_WARN_DOCUMENTATION_COMMENTS = YES;
				CLANG_WARN_EMPTY_BODY = YES;
				CLANG_WARN_ENUM_CONVERSION = YES;
				CLANG_WARN_INFINITE_RECURSION = YES;
				CLANG_WARN_INT_CONVERSION = YES;
				CLANG_WARN_NON_LITERAL_NULL_CONVERSION = YES;
				CLANG_WARN_OBJC_IMPLICIT_RETAIN_SELF = YES;
				CLANG_WARN_OBJC_LITERAL_CONVERSION = YES;
				CLANG_WARN_OBJC_ROOT_CLASS = YES_ERROR;
				CLANG_WARN_QUOTED_INCLUDE_IN_FRAMEWORK_HEADER = YES;
				CLANG_WARN_RANGE_LOOP_ANALYSIS = YES;
				CLANG_WARN_STRICT_PROTOTYPES = YES;
				CLANG_WARN_SUSPICIOUS_MOVE = YES;
				CLANG_WARN_UNGUARDED_AVAILABILITY = YES_AGGRESSIVE;
				CLANG_WARN_UNREACHABLE_CODE = YES;
				CLANG_WARN__DUPLICATE_METHOD_MATCH = YES;
				COPY_PHASE_STRIP = NO;
				DEBUG_INFORMATION_FORMAT = "dwarf-with-dsym";
				ENABLE_NS_ASSERTIONS = NO;
				ENABLE_STRICT_OBJC_MSGSEND = YES;
				GCC_C_LANGUAGE_STANDARD = gnu11;
				GCC_NO_COMMON_BLOCKS = YES;
				GCC_WARN_64_TO_32_BIT_CONVERSION = YES;
				GCC_WARN_ABOUT_RETURN_TYPE = YES_ERROR;
				GCC_WARN_UNDECLARED_SELECTOR = YES;
				GCC_WARN_UNINITIALIZED_AUTOS = YES_AGGRESSIVE;
				GCC_WARN_UNUSED_FUNCTION = YES;
				GCC_WARN_UNUSED_VARIABLE = YES;
				IPHONEOS_DEPLOYMENT_TARGET = 15.2;
				MTL_ENABLE_DEBUG_INFO = NO;
				MTL_FAST_MATH = YES;
				SDKROOT = iphoneos;
				SWIFT_COMPILATION_MODE = wholemodule;
				SWIFT_OPTIMIZATION_LEVEL = "-O";
				VALIDATE_PRODUCT = YES;
			};
			name = Release;
		};
		4ABCC08127A92E0F00F52E00 /* Debug */ = {
			isa = XCBuildConfiguration;
			buildSettings = {
				ASSETCATALOG_COMPILER_APPICON_NAME = AppIcon;
				ASSETCATALOG_COMPILER_GLOBAL_ACCENT_COLOR_NAME = AccentColor;
				CODE_SIGN_STYLE = Automatic;
				CURRENT_PROJECT_VERSION = 1;
				DEVELOPMENT_ASSET_PATHS = "\"SwiftUICheckSliderValue/Preview Content\"";
				DEVELOPMENT_TEAM = H7K76ZRYMQ;
				ENABLE_PREVIEWS = YES;
				GENERATE_INFOPLIST_FILE = YES;
				INFOPLIST_KEY_UIApplicationSceneManifest_Generation = YES;
				INFOPLIST_KEY_UIApplicationSupportsIndirectInputEvents = YES;
				INFOPLIST_KEY_UILaunchScreen_Generation = YES;
				INFOPLIST_KEY_UISupportedInterfaceOrientations_iPad = "UIInterfaceOrientationPortrait UIInterfaceOrientationPortraitUpsideDown UIInterfaceOrientationLandscapeLeft UIInterfaceOrientationLandscapeRight";
				INFOPLIST_KEY_UISupportedInterfaceOrientations_iPhone = "UIInterfaceOrientationPortrait UIInterfaceOrientationLandscapeLeft UIInterfaceOrientationLandscapeRight";
				LD_RUNPATH_SEARCH_PATHS = (
					"$(inherited)",
					"@executable_path/Frameworks",
				);
				MARKETING_VERSION = 1.0;
				PRODUCT_BUNDLE_IDENTIFIER = ru.mikhailzinovev.SwiftUICheckSliderValue;
				PRODUCT_NAME = "$(TARGET_NAME)";
				SWIFT_EMIT_LOC_STRINGS = YES;
				SWIFT_VERSION = 5.0;
				TARGETED_DEVICE_FAMILY = "1,2";
			};
			name = Debug;
		};
		4ABCC08227A92E0F00F52E00 /* Release */ = {
			isa = XCBuildConfiguration;
			buildSettings = {
				ASSETCATALOG_COMPILER_APPICON_NAME = AppIcon;
				ASSETCATALOG_COMPILER_GLOBAL_ACCENT_COLOR_NAME = AccentColor;
				CODE_SIGN_STYLE = Automatic;
				CURRENT_PROJECT_VERSION = 1;
				DEVELOPMENT_ASSET_PATHS = "\"SwiftUICheckSliderValue/Preview Content\"";
				DEVELOPMENT_TEAM = H7K76ZRYMQ;
				ENABLE_PREVIEWS = YES;
				GENERATE_INFOPLIST_FILE = YES;
				INFOPLIST_KEY_UIApplicationSceneManifest_Generation = YES;
				INFOPLIST_KEY_UIApplicationSupportsIndirectInputEvents = YES;
				INFOPLIST_KEY_UILaunchScreen_Generation = YES;
				INFOPLIST_KEY_UISupportedInterfaceOrientations_iPad = "UIInterfaceOrientationPortrait UIInterfaceOrientationPortraitUpsideDown UIInterfaceOrientationLandscapeLeft UIInterfaceOrientationLandscapeRight";
				INFOPLIST_KEY_UISupportedInterfaceOrientations_iPhone = "UIInterfaceOrientationPortrait UIInterfaceOrientationLandscapeLeft UIInterfaceOrientationLandscapeRight";
				LD_RUNPATH_SEARCH_PATHS = (
					"$(inherited)",
					"@executable_path/Frameworks",
				);
				MARKETING_VERSION = 1.0;
				PRODUCT_BUNDLE_IDENTIFIER = ru.mikhailzinovev.SwiftUICheckSliderValue;
				PRODUCT_NAME = "$(TARGET_NAME)";
				SWIFT_EMIT_LOC_STRINGS = YES;
				SWIFT_VERSION = 5.0;
				TARGETED_DEVICE_FAMILY = "1,2";
			};
			name = Release;
		};
/* End XCBuildConfiguration section */

/* Begin XCConfigurationList section */
		4ABCC06D27A92E0C00F52E00 /* Build configuration list for PBXProject "SwiftUICheckSliderValue" */ = {
			isa = XCConfigurationList;
			buildConfigurations = (
				4ABCC07E27A92E0F00F52E00 /* Debug */,
				4ABCC07F27A92E0F00F52E00 /* Release */,
			);
			defaultConfigurationIsVisible = 0;
			defaultConfigurationName = Release;
		};
		4ABCC08027A92E0F00F52E00 /* Build configuration list for PBXNativeTarget "SwiftUICheckSliderValue" */ = {
			isa = XCConfigurationList;
			buildConfigurations = (
				4ABCC08127A92E0F00F52E00 /* Debug */,
				4ABCC08227A92E0F00F52E00 /* Release */,
			);
			defaultConfigurationIsVisible = 0;
			defaultConfigurationName = Release;
		};
/* End XCConfigurationList section */
	};
	rootObject = 4ABCC06A27A92E0C00F52E00 /* Project object */;
}
